
Microsoft Visual Studio Solution File, Format Version 12.00
# Visual Studio Version 17
VisualStudioVersion = 17.5.33424.131
MinimumVisualStudioVersion = 10.0.40219.1
Project("{FAE04EC0-301F-11D3-BF4B-00C04F79EFBC}") = "H2_Assigment_Geometry", "H2_Assigment_Geometry\H2_Assigment_Geometry.csproj", "{9EAA5BCD-5FF8-4CAE-B204-C7279D4FA9BD}"
EndProject
Global
	GlobalSection(SolutionConfigurationPlatforms) = preSolution
		Debug|Any CPU = Debug|Any CPU
		Release|Any CPU = Release|Any CPU
	EndGlobalSection
	GlobalSection(ProjectConfigurationPlatforms) = postSolution
		{9EAA5BCD-5FF8-4CAE-B204-C7279D4FA9BD}.Debug|Any CPU.ActiveCfg = Debug|Any CPU
		{9EAA5BCD-5FF8-4CAE-B204-C7279D4FA9BD}.Debug|Any CPU.Build.0 = Debug|Any CPU
		{9EAA5BCD-5FF8-4CAE-B204-C7279D4FA9BD}.Release|Any CPU.ActiveCfg = Release|Any CPU
		{9EAA5BCD-5FF8-4CAE-B204-C7279D4FA9BD}.Release|Any CPU.Build.0 = Release|Any CPU
	EndGlobalSection
	GlobalSection(SolutionProperties) = preSolution
		HideSolutionNode = FALSE
	EndGlobalSection
	GlobalSection(ExtensibilityGlobals) = postSolution
		SolutionGuid = {BFEDC254-2FFC-4EAC-88E1-F868D443D4A4}
	EndGlobalSection
EndGlobal
